// !$*UTF8*$!
{
	archiveVersion = 1;
	classes = {
	};
	objectVersion = 50;
	objects = {

/* Begin PBXBuildFile section */
		A1BF8E7E234E49F900C4E909 /* AppDelegate.swift in Sources */ = {isa = PBXBuildFile; fileRef = A1BF8E7D234E49F900C4E909 /* AppDelegate.swift */; };
		A1BF8E80234E49F900C4E909 /* SceneDelegate.swift in Sources */ = {isa = PBXBuildFile; fileRef = A1BF8E7F234E49F900C4E909 /* SceneDelegate.swift */; };
		A1BF8E82234E49F900C4E909 /* ViewController.swift in Sources */ = {isa = PBXBuildFile; fileRef = A1BF8E81234E49F900C4E909 /* ViewController.swift */; };
		A1BF8E85234E49F900C4E909 /* Main.storyboard in Resources */ = {isa = PBXBuildFile; fileRef = A1BF8E83234E49F900C4E909 /* Main.storyboard */; };
		A1BF8E87234E4A0100C4E909 /* Assets.xcassets in Resources */ = {isa = PBXBuildFile; fileRef = A1BF8E86234E4A0100C4E909 /* Assets.xcassets */; };
		A1BF8E8A234E4A0100C4E909 /* LaunchScreen.storyboard in Resources */ = {isa = PBXBuildFile; fileRef = A1BF8E88234E4A0100C4E909 /* LaunchScreen.storyboard */; };
		A1BF8E95234E4A0200C4E909 /* stamp_emilyTests.swift in Sources */ = {isa = PBXBuildFile; fileRef = A1BF8E94234E4A0200C4E909 /* stamp_emilyTests.swift */; };
		A1BF8EA0234E4A0200C4E909 /* stamp_emilyUITests.swift in Sources */ = {isa = PBXBuildFile; fileRef = A1BF8E9F234E4A0200C4E909 /* stamp_emilyUITests.swift */; };
/* End PBXBuildFile section */

/* Begin PBXContainerItemProxy section */
		A1BF8E91234E4A0200C4E909 /* PBXContainerItemProxy */ = {
			isa = PBXContainerItemProxy;
			containerPortal = A1BF8E72234E49F800C4E909 /* Project object */;
			proxyType = 1;
			remoteGlobalIDString = A1BF8E79234E49F800C4E909;
			remoteInfo = stamp.emily;
		};
		A1BF8E9C234E4A0200C4E909 /* PBXContainerItemProxy */ = {
			isa = PBXContainerItemProxy;
			containerPortal = A1BF8E72234E49F800C4E909 /* Project object */;
			proxyType = 1;
			remoteGlobalIDString = A1BF8E79234E49F800C4E909;
			remoteInfo = stamp.emily;
		};
/* End PBXContainerItemProxy section */

/* Begin PBXFileReference section */
		A1BF8E7A234E49F900C4E909 /* stamp.emily.app */ = {isa = PBXFileReference; explicitFileType = wrapper.application; includeInIndex = 0; path = stamp.emily.app; sourceTree = BUILT_PRODUCTS_DIR; };
		A1BF8E7D234E49F900C4E909 /* AppDelegate.swift */ = {isa = PBXFileReference; lastKnownFileType = sourcecode.swift; path = AppDelegate.swift; sourceTree = "<group>"; };
		A1BF8E7F234E49F900C4E909 /* SceneDelegate.swift */ = {isa = PBXFileReference; lastKnownFileType = sourcecode.swift; path = SceneDelegate.swift; sourceTree = "<group>"; };
		A1BF8E81234E49F900C4E909 /* ViewController.swift */ = {isa = PBXFileReference; lastKnownFileType = sourcecode.swift; path = ViewController.swift; sourceTree = "<group>"; };
		A1BF8E84234E49F900C4E909 /* Base */ = {isa = PBXFileReference; lastKnownFileType = file.storyboard; name = Base; path = Base.lproj/Main.storyboard; sourceTree = "<group>"; };
		A1BF8E86234E4A0100C4E909 /* Assets.xcassets */ = {isa = PBXFileReference; lastKnownFileType = folder.assetcatalog; path = Assets.xcassets; sourceTree = "<group>"; };
		A1BF8E89234E4A0100C4E909 /* Base */ = {isa = PBXFileReference; lastKnownFileType = file.storyboard; name = Base; path = Base.lproj/LaunchScreen.storyboard; sourceTree = "<group>"; };
		A1BF8E8B234E4A0200C4E909 /* Info.plist */ = {isa = PBXFileReference; lastKnownFileType = text.plist.xml; path = Info.plist; sourceTree = "<group>"; };
		A1BF8E90234E4A0200C4E909 /* stamp.emilyTests.xctest */ = {isa = PBXFileReference; explicitFileType = wrapper.cfbundle; includeInIndex = 0; path = stamp.emilyTests.xctest; sourceTree = BUILT_PRODUCTS_DIR; };
		A1BF8E94234E4A0200C4E909 /* stamp_emilyTests.swift */ = {isa = PBXFileReference; lastKnownFileType = sourcecode.swift; path = stamp_emilyTests.swift; sourceTree = "<group>"; };
		A1BF8E96234E4A0200C4E909 /* Info.plist */ = {isa = PBXFileReference; lastKnownFileType = text.plist.xml; path = Info.plist; sourceTree = "<group>"; };
		A1BF8E9B234E4A0200C4E909 /* stamp.emilyUITests.xctest */ = {isa = PBXFileReference; explicitFileType = wrapper.cfbundle; includeInIndex = 0; path = stamp.emilyUITests.xctest; sourceTree = BUILT_PRODUCTS_DIR; };
		A1BF8E9F234E4A0200C4E909 /* stamp_emilyUITests.swift */ = {isa = PBXFileReference; lastKnownFileType = sourcecode.swift; path = stamp_emilyUITests.swift; sourceTree = "<group>"; };
		A1BF8EA1234E4A0200C4E909 /* Info.plist */ = {isa = PBXFileReference; lastKnownFileType = text.plist.xml; path = Info.plist; sourceTree = "<group>"; };
/* End PBXFileReference section */

/* Begin PBXFrameworksBuildPhase section */
		A1BF8E77234E49F800C4E909 /* Frameworks */ = {
			isa = PBXFrameworksBuildPhase;
			buildActionMask = 2147483647;
			files = (
			);
			runOnlyForDeploymentPostprocessing = 0;
		};
		A1BF8E8D234E4A0200C4E909 /* Frameworks */ = {
			isa = PBXFrameworksBuildPhase;
			buildActionMask = 2147483647;
			files = (
			);
			runOnlyForDeploymentPostprocessing = 0;
		};
		A1BF8E98234E4A0200C4E909 /* Frameworks */ = {
			isa = PBXFrameworksBuildPhase;
			buildActionMask = 2147483647;
			files = (
			);
			runOnlyForDeploymentPostprocessing = 0;
		};
/* End PBXFrameworksBuildPhase section */

/* Begin PBXGroup section */
		A1BF8E71234E49F800C4E909 = {
			isa = PBXGroup;
			children = (
				A1BF8E7C234E49F900C4E909 /* stamp.emily */,
				A1BF8E93234E4A0200C4E909 /* stamp.emilyTests */,
				A1BF8E9E234E4A0200C4E909 /* stamp.emilyUITests */,
				A1BF8E7B234E49F900C4E909 /* Products */,
			);
			sourceTree = "<group>";
		};
		A1BF8E7B234E49F900C4E909 /* Products */ = {
			isa = PBXGroup;
			children = (
				A1BF8E7A234E49F900C4E909 /* stamp.emily.app */,
				A1BF8E90234E4A0200C4E909 /* stamp.emilyTests.xctest */,
				A1BF8E9B234E4A0200C4E909 /* stamp.emilyUITests.xctest */,
			);
			name = Products;
			sourceTree = "<group>";
		};
		A1BF8E7C234E49F900C4E909 /* stamp.emily */ = {
			isa = PBXGroup;
			children = (
				A1BF8E7D234E49F900C4E909 /* AppDelegate.swift */,
				A1BF8E7F234E49F900C4E909 /* SceneDelegate.swift */,
				A1BF8E81234E49F900C4E909 /* ViewController.swift */,
				A1BF8E83234E49F900C4E909 /* Main.storyboard */,
				A1BF8E86234E4A0100C4E909 /* Assets.xcassets */,
				A1BF8E88234E4A0100C4E909 /* LaunchScreen.storyboard */,
				A1BF8E8B234E4A0200C4E909 /* Info.plist */,
			);
			path = stamp.emily;
			sourceTree = "<group>";
		};
		A1BF8E93234E4A0200C4E909 /* stamp.emilyTests */ = {
			isa = PBXGroup;
			children = (
				A1BF8E94234E4A0200C4E909 /* stamp_emilyTests.swift */,
				A1BF8E96234E4A0200C4E909 /* Info.plist */,
			);
			path = stamp.emilyTests;
			sourceTree = "<group>";
		};
		A1BF8E9E234E4A0200C4E909 /* stamp.emilyUITests */ = {
			isa = PBXGroup;
			children = (
				A1BF8E9F234E4A0200C4E909 /* stamp_emilyUITests.swift */,
				A1BF8EA1234E4A0200C4E909 /* Info.plist */,
			);
			path = stamp.emilyUITests;
			sourceTree = "<group>";
		};
/* End PBXGroup section */

/* Begin PBXNativeTarget section */
		A1BF8E79234E49F800C4E909 /* stamp.emily */ = {
			isa = PBXNativeTarget;
			buildConfigurationList = A1BF8EA4234E4A0200C4E909 /* Build configuration list for PBXNativeTarget "stamp.emily" */;
			buildPhases = (
				A1BF8E76234E49F800C4E909 /* Sources */,
				A1BF8E77234E49F800C4E909 /* Frameworks */,
				A1BF8E78234E49F800C4E909 /* Resources */,
			);
			buildRules = (
			);
			dependencies = (
			);
			name = stamp.emily;
			productName = stamp.emily;
			productReference = A1BF8E7A234E49F900C4E909 /* stamp.emily.app */;
			productType = "com.apple.product-type.application";
		};
		A1BF8E8F234E4A0200C4E909 /* stamp.emilyTests */ = {
			isa = PBXNativeTarget;
			buildConfigurationList = A1BF8EA7234E4A0200C4E909 /* Build configuration list for PBXNativeTarget "stamp.emilyTests" */;
			buildPhases = (
				A1BF8E8C234E4A0200C4E909 /* Sources */,
				A1BF8E8D234E4A0200C4E909 /* Frameworks */,
				A1BF8E8E234E4A0200C4E909 /* Resources */,
			);
			buildRules = (
			);
			dependencies = (
				A1BF8E92234E4A0200C4E909 /* PBXTargetDependency */,
			);
			name = stamp.emilyTests;
			productName = stamp.emilyTests;
			productReference = A1BF8E90234E4A0200C4E909 /* stamp.emilyTests.xctest */;
			productType = "com.apple.product-type.bundle.unit-test";
		};
		A1BF8E9A234E4A0200C4E909 /* stamp.emilyUITests */ = {
			isa = PBXNativeTarget;
			buildConfigurationList = A1BF8EAA234E4A0200C4E909 /* Build configuration list for PBXNativeTarget "stamp.emilyUITests" */;
			buildPhases = (
				A1BF8E97234E4A0200C4E909 /* Sources */,
				A1BF8E98234E4A0200C4E909 /* Frameworks */,
				A1BF8E99234E4A0200C4E909 /* Resources */,
			);
			buildRules = (
			);
			dependencies = (
				A1BF8E9D234E4A0200C4E909 /* PBXTargetDependency */,
			);
			name = stamp.emilyUITests;
			productName = stamp.emilyUITests;
			productReference = A1BF8E9B234E4A0200C4E909 /* stamp.emilyUITests.xctest */;
			productType = "com.apple.product-type.bundle.ui-testing";
		};
/* End PBXNativeTarget section */

/* Begin PBXProject section */
		A1BF8E72234E49F800C4E909 /* Project object */ = {
			isa = PBXProject;
			attributes = {
				LastSwiftUpdateCheck = 1100;
				LastUpgradeCheck = 1100;
				ORGANIZATIONNAME = emily.com;
				TargetAttributes = {
					A1BF8E79234E49F800C4E909 = {
						CreatedOnToolsVersion = 11.0;
					};
					A1BF8E8F234E4A0200C4E909 = {
						CreatedOnToolsVersion = 11.0;
						TestTargetID = A1BF8E79234E49F800C4E909;
					};
					A1BF8E9A234E4A0200C4E909 = {
						CreatedOnToolsVersion = 11.0;
						TestTargetID = A1BF8E79234E49F800C4E909;
					};
				};
			};
			buildConfigurationList = A1BF8E75234E49F800C4E909 /* Build configuration list for PBXProject "stamp.emily" */;
			compatibilityVersion = "Xcode 9.3";
			developmentRegion = en;
			hasScannedForEncodings = 0;
			knownRegions = (
				en,
				Base,
			);
			mainGroup = A1BF8E71234E49F800C4E909;
			productRefGroup = A1BF8E7B234E49F900C4E909 /* Products */;
			projectDirPath = "";
			projectRoot = "";
			targets = (
				A1BF8E79234E49F800C4E909 /* stamp.emily */,
				A1BF8E8F234E4A0200C4E909 /* stamp.emilyTests */,
				A1BF8E9A234E4A0200C4E909 /* stamp.emilyUITests */,
			);
		};
/* End PBXProject section */

/* Begin PBXResourcesBuildPhase section */
		A1BF8E78234E49F800C4E909 /* Resources */ = {
			isa = PBXResourcesBuildPhase;
			buildActionMask = 2147483647;
			files = (
				A1BF8E8A234E4A0100C4E909 /* LaunchScreen.storyboard in Resources */,
				A1BF8E87234E4A0100C4E909 /* Assets.xcassets in Resources */,
				A1BF8E85234E49F900C4E909 /* Main.storyboard in Resources */,
			);
			runOnlyForDeploymentPostprocessing = 0;
		};
		A1BF8E8E234E4A0200C4E909 /* Resources */ = {
			isa = PBXResourcesBuildPhase;
			buildActionMask = 2147483647;
			files = (
			);
			runOnlyForDeploymentPostprocessing = 0;
		};
		A1BF8E99234E4A0200C4E909 /* Resources */ = {
			isa = PBXResourcesBuildPhase;
			buildActionMask = 2147483647;
			files = (
			);
			runOnlyForDeploymentPostprocessing = 0;
		};
/* End PBXResourcesBuildPhase section */

/* Begin PBXSourcesBuildPhase section */
		A1BF8E76234E49F800C4E909 /* Sources */ = {
			isa = PBXSourcesBuildPhase;
			buildActionMask = 2147483647;
			files = (
				A1BF8E82234E49F900C4E909 /* ViewController.swift in Sources */,
				A1BF8E7E234E49F900C4E909 /* AppDelegate.swift in Sources */,
				A1BF8E80234E49F900C4E909 /* SceneDelegate.swift in Sources */,
			);
			runOnlyForDeploymentPostprocessing = 0;
		};
		A1BF8E8C234E4A0200C4E909 /* Sources */ = {
			isa = PBXSourcesBuildPhase;
			buildActionMask = 2147483647;
			files = (
				A1BF8E95234E4A0200C4E909 /* stamp_emilyTests.swift in Sources */,
			);
			runOnlyForDeploymentPostprocessing = 0;
		};
		A1BF8E97234E4A0200C4E909 /* Sources */ = {
			isa = PBXSourcesBuildPhase;
			buildActionMask = 2147483647;
			files = (
				A1BF8EA0234E4A0200C4E909 /* stamp_emilyUITests.swift in Sources */,
			);
			runOnlyForDeploymentPostprocessing = 0;
		};
/* End PBXSourcesBuildPhase section */

/* Begin PBXTargetDependency section */
		A1BF8E92234E4A0200C4E909 /* PBXTargetDependency */ = {
			isa = PBXTargetDependency;
			target = A1BF8E79234E49F800C4E909 /* stamp.emily */;
			targetProxy = A1BF8E91234E4A0200C4E909 /* PBXContainerItemProxy */;
		};
		A1BF8E9D234E4A0200C4E909 /* PBXTargetDependency */ = {
			isa = PBXTargetDependency;
			target = A1BF8E79234E49F800C4E909 /* stamp.emily */;
			targetProxy = A1BF8E9C234E4A0200C4E909 /* PBXContainerItemProxy */;
		};
/* End PBXTargetDependency section */

/* Begin PBXVariantGroup section */
		A1BF8E83234E49F900C4E909 /* Main.storyboard */ = {
			isa = PBXVariantGroup;
			children = (
				A1BF8E84234E49F900C4E909 /* Base */,
			);
			name = Main.storyboard;
			sourceTree = "<group>";
		};
		A1BF8E88234E4A0100C4E909 /* LaunchScreen.storyboard */ = {
			isa = PBXVariantGroup;
			children = (
				A1BF8E89234E4A0100C4E909 /* Base */,
			);
			name = LaunchScreen.storyboard;
			sourceTree = "<group>";
		};
/* End PBXVariantGroup section */

/* Begin XCBuildConfiguration section */
		A1BF8EA2234E4A0200C4E909 /* Debug */ = {
			isa = XCBuildConfiguration;
			buildSettings = {
				ALWAYS_SEARCH_USER_PATHS = NO;
				CLANG_ANALYZER_NONNULL = YES;
				CLANG_ANALYZER_NUMBER_OBJECT_CONVERSION = YES_AGGRESSIVE;
				CLANG_CXX_LANGUAGE_STANDARD = "gnu++14";
				CLANG_CXX_LIBRARY = "libc++";
				CLANG_ENABLE_MODULES = YES;
				CLANG_ENABLE_OBJC_ARC = YES;
				CLANG_ENABLE_OBJC_WEAK = YES;
				CLANG_WARN_BLOCK_CAPTURE_AUTORELEASING = YES;
				CLANG_WARN_BOOL_CONVERSION = YES;
				CLANG_WARN_COMMA = YES;
				CLANG_WARN_CONSTANT_CONVERSION = YES;
				CLANG_WARN_DEPRECATED_OBJC_IMPLEMENTATIONS = YES;
				CLANG_WARN_DIRECT_OBJC_ISA_USAGE = YES_ERROR;
				CLANG_WARN_DOCUMENTATION_COMMENTS = YES;
				CLANG_WARN_EMPTY_BODY = YES;
				CLANG_WARN_ENUM_CONVERSION = YES;
				CLANG_WARN_INFINITE_RECURSION = YES;
				CLANG_WARN_INT_CONVERSION = YES;
				CLANG_WARN_NON_LITERAL_NULL_CONVERSION = YES;
				CLANG_WARN_OBJC_IMPLICIT_RETAIN_SELF = YES;
				CLANG_WARN_OBJC_LITERAL_CONVERSION = YES;
				CLANG_WARN_OBJC_ROOT_CLASS = YES_ERROR;
				CLANG_WARN_RANGE_LOOP_ANALYSIS = YES;
				CLANG_WARN_STRICT_PROTOTYPES = YES;
				CLANG_WARN_SUSPICIOUS_MOVE = YES;
				CLANG_WARN_UNGUARDED_AVAILABILITY = YES_AGGRESSIVE;
				CLANG_WARN_UNREACHABLE_CODE = YES;
				CLANG_WARN__DUPLICATE_METHOD_MATCH = YES;
				COPY_PHASE_STRIP = NO;
				DEBUG_INFORMATION_FORMAT = dwarf;
				ENABLE_STRICT_OBJC_MSGSEND = YES;
				ENABLE_TESTABILITY = YES;
				GCC_C_LANGUAGE_STANDARD = gnu11;
				GCC_DYNAMIC_NO_PIC = NO;
				GCC_NO_COMMON_BLOCKS = YES;
				GCC_OPTIMIZATION_LEVEL = 0;
				GCC_PREPROCESSOR_DEFINITIONS = (
					"DEBUG=1",
					"$(inherited)",
				);
				GCC_WARN_64_TO_32_BIT_CONVERSION = YES;
				GCC_WARN_ABOUT_RETURN_TYPE = YES_ERROR;
				GCC_WARN_UNDECLARED_SELECTOR = YES;
				GCC_WARN_UNINITIALIZED_AUTOS = YES_AGGRESSIVE;
				GCC_WARN_UNUSED_FUNCTION = YES;
				GCC_WARN_UNUSED_VARIABLE = YES;
				IPHONEOS_DEPLOYMENT_TARGET = 13.0;
				MTL_ENABLE_DEBUG_INFO = INCLUDE_SOURCE;
				MTL_FAST_MATH = YES;
				ONLY_ACTIVE_ARCH = YES;
				SDKROOT = iphoneos;
				SWIFT_ACTIVE_COMPILATION_CONDITIONS = DEBUG;
				SWIFT_OPTIMIZATION_LEVEL = "-Onone";
			};
			name = Debug;
		};
		A1BF8EA3234E4A0200C4E909 /* Release */ = {
			isa = XCBuildConfiguration;
			buildSettings = {
				ALWAYS_SEARCH_USER_PATHS = NO;
				CLANG_ANALYZER_NONNULL = YES;
				CLANG_ANALYZER_NUMBER_OBJECT_CONVERSION = YES_AGGRESSIVE;
				CLANG_CXX_LANGUAGE_STANDARD = "gnu++14";
				CLANG_CXX_LIBRARY = "libc++";
				CLANG_ENABLE_MODULES = YES;
				CLANG_ENABLE_OBJC_ARC = YES;
				CLANG_ENABLE_OBJC_WEAK = YES;
				CLANG_WARN_BLOCK_CAPTURE_AUTORELEASING = YES;
				CLANG_WARN_BOOL_CONVERSION = YES;
				CLANG_WARN_COMMA = YES;
				CLANG_WARN_CONSTANT_CONVERSION = YES;
				CLANG_WARN_DEPRECATED_OBJC_IMPLEMENTATIONS = YES;
				CLANG_WARN_DIRECT_OBJC_ISA_USAGE = YES_ERROR;
				CLANG_WARN_DOCUMENTATION_COMMENTS = YES;
				CLANG_WARN_EMPTY_BODY = YES;
				CLANG_WARN_ENUM_CONVERSION = YES;
				CLANG_WARN_INFINITE_RECURSION = YES;
				CLANG_WARN_INT_CONVERSION = YES;
				CLANG_WARN_NON_LITERAL_NULL_CONVERSION = YES;
				CLANG_WARN_OBJC_IMPLICIT_RETAIN_SELF = YES;
				CLANG_WARN_OBJC_LITERAL_CONVERSION = YES;
				CLANG_WARN_OBJC_ROOT_CLASS = YES_ERROR;
				CLANG_WARN_RANGE_LOOP_ANALYSIS = YES;
				CLANG_WARN_STRICT_PROTOTYPES = YES;
				CLANG_WARN_SUSPICIOUS_MOVE = YES;
				CLANG_WARN_UNGUARDED_AVAILABILITY = YES_AGGRESSIVE;
				CLANG_WARN_UNREACHABLE_CODE = YES;
				CLANG_WARN__DUPLICATE_METHOD_MATCH = YES;
				COPY_PHASE_STRIP = NO;
				DEBUG_INFORMATION_FORMAT = "dwarf-with-dsym";
				ENABLE_NS_ASSERTIONS = NO;
				ENABLE_STRICT_OBJC_MSGSEND = YES;
				GCC_C_LANGUAGE_STANDARD = gnu11;
				GCC_NO_COMMON_BLOCKS = YES;
				GCC_WARN_64_TO_32_BIT_CONVERSION = YES;
				GCC_WARN_ABOUT_RETURN_TYPE = YES_ERROR;
				GCC_WARN_UNDECLARED_SELECTOR = YES;
				GCC_WARN_UNINITIALIZED_AUTOS = YES_AGGRESSIVE;
				GCC_WARN_UNUSED_FUNCTION = YES;
				GCC_WARN_UNUSED_VARIABLE = YES;
				IPHONEOS_DEPLOYMENT_TARGET = 13.0;
				MTL_ENABLE_DEBUG_INFO = NO;
				MTL_FAST_MATH = YES;
				SDKROOT = iphoneos;
				SWIFT_COMPILATION_MODE = wholemodule;
				SWIFT_OPTIMIZATION_LEVEL = "-O";
				VALIDATE_PRODUCT = YES;
			};
			name = Release;
		};
		A1BF8EA5234E4A0200C4E909 /* Debug */ = {
			isa = XCBuildConfiguration;
			buildSettings = {
				ASSETCATALOG_COMPILER_APPICON_NAME = AppIcon;
				CODE_SIGN_STYLE = Automatic;
				DEVELOPMENT_TEAM = 743J7J89D4;
				INFOPLIST_FILE = stamp.emily/Info.plist;
				LD_RUNPATH_SEARCH_PATHS = (
					"$(inherited)",
					"@executable_path/Frameworks",
				);
				PRODUCT_BUNDLE_IDENTIFIER = "emily.com.stamp-emily";
				PRODUCT_NAME = "$(TARGET_NAME)";
				SWIFT_VERSION = 5.0;
				TARGETED_DEVICE_FAMILY = "1,2";
			};
			name = Debug;
		};
		A1BF8EA6234E4A0200C4E909 /* Release */ = {
			isa = XCBuildConfiguration;
			buildSettings = {
				ASSETCATALOG_COMPILER_APPICON_NAME = AppIcon;
				CODE_SIGN_STYLE = Automatic;
				DEVELOPMENT_TEAM = 743J7J89D4;
				INFOPLIST_FILE = stamp.emily/Info.plist;
				LD_RUNPATH_SEARCH_PATHS = (
					"$(inherited)",
					"@executable_path/Frameworks",
				);
				PRODUCT_BUNDLE_IDENTIFIER = "emily.com.stamp-emily";
				PRODUCT_NAME = "$(TARGET_NAME)";
				SWIFT_VERSION = 5.0;
				TARGETED_DEVICE_FAMILY = "1,2";
			};
			name = Release;
		};
		A1BF8EA8234E4A0200C4E909 /* Debug */ = {
			isa = XCBuildConfiguration;
			buildSettings = {
				ALWAYS_EMBED_SWIFT_STANDARD_LIBRARIES = YES;
				BUNDLE_LOADER = "$(TEST_HOST)";
				CODE_SIGN_STYLE = Automatic;
				DEVELOPMENT_TEAM = 743J7J89D4;
				INFOPLIST_FILE = stamp.emilyTests/Info.plist;
				IPHONEOS_DEPLOYMENT_TARGET = 13.0;
				LD_RUNPATH_SEARCH_PATHS = (
					"$(inherited)",
					"@executable_path/Frameworks",
					"@loader_path/Frameworks",
				);
				PRODUCT_BUNDLE_IDENTIFIER = "emily.com.stamp-emilyTests";
				PRODUCT_NAME = "$(TARGET_NAME)";
				SWIFT_VERSION = 5.0;
				TARGETED_DEVICE_FAMILY = "1,2";
				TEST_HOST = "$(BUILT_PRODUCTS_DIR)/stamp.emily.app/stamp.emily";
			};
			name = Debug;
		};
		A1BF8EA9234E4A0200C4E909 /* Release */ = {
			isa = XCBuildConfiguration;
			buildSettings = {
				ALWAYS_EMBED_SWIFT_STANDARD_LIBRARIES = YES;
				BUNDLE_LOADER = "$(TEST_HOST)";
				CODE_SIGN_STYLE = Automatic;
				DEVELOPMENT_TEAM = 743J7J89D4;
				INFOPLIST_FILE = stamp.emilyTests/Info.plist;
				IPHONEOS_DEPLOYMENT_TARGET = 13.0;
				LD_RUNPATH_SEARCH_PATHS = (
					"$(inherited)",
					"@executable_path/Frameworks",
					"@loader_path/Frameworks",
				);
				PRODUCT_BUNDLE_IDENTIFIER = "emily.com.stamp-emilyTests";
				PRODUCT_NAME = "$(TARGET_NAME)";
				SWIFT_VERSION = 5.0;
				TARGETED_DEVICE_FAMILY = "1,2";
				TEST_HOST = "$(BUILT_PRODUCTS_DIR)/stamp.emily.app/stamp.emily";
			};
			name = Release;
		};
		A1BF8EAB234E4A0200C4E909 /* Debug */ = {
			isa = XCBuildConfiguration;
			buildSettings = {
				ALWAYS_EMBED_SWIFT_STANDARD_LIBRARIES = YES;
				CODE_SIGN_STYLE = Automatic;
				DEVELOPMENT_TEAM = 743J7J89D4;
				INFOPLIST_FILE = stamp.emilyUITests/Info.plist;
				LD_RUNPATH_SEARCH_PATHS = (
					"$(inherited)",
					"@executable_path/Frameworks",
					"@loader_path/Frameworks",
				);
				PRODUCT_BUNDLE_IDENTIFIER = "emily.com.stamp-emilyUITests";
				PRODUCT_NAME = "$(TARGET_NAME)";
				SWIFT_VERSION = 5.0;
				TARGETED_DEVICE_FAMILY = "1,2";
				TEST_TARGET_NAME = stamp.emily;
			};
			name = Debug;
		};
		A1BF8EAC234E4A0200C4E909 /* Release */ = {
			isa = XCBuildConfiguration;
			buildSettings = {
				ALWAYS_EMBED_SWIFT_STANDARD_LIBRARIES = YES;
				CODE_SIGN_STYLE = Automatic;
				DEVELOPMENT_TEAM = 743J7J89D4;
				INFOPLIST_FILE = stamp.emilyUITests/Info.plist;
				LD_RUNPATH_SEARCH_PATHS = (
					"$(inherited)",
					"@executable_path/Frameworks",
					"@loader_path/Frameworks",
				);
				PRODUCT_BUNDLE_IDENTIFIER = "emily.com.stamp-emilyUITests";
				PRODUCT_NAME = "$(TARGET_NAME)";
				SWIFT_VERSION = 5.0;
				TARGETED_DEVICE_FAMILY = "1,2";
				TEST_TARGET_NAME = stamp.emily;
			};
			name = Release;
		};
/* End XCBuildConfiguration section */

/* Begin XCConfigurationList section */
		A1BF8E75234E49F800C4E909 /* Build configuration list for PBXProject "stamp.emily" */ = {
			isa = XCConfigurationList;
			buildConfigurations = (
				A1BF8EA2234E4A0200C4E909 /* Debug */,
				A1BF8EA3234E4A0200C4E909 /* Release */,
			);
			defaultConfigurationIsVisible = 0;
			defaultConfigurationName = Release;
		};
		A1BF8EA4234E4A0200C4E909 /* Build configuration list for PBXNativeTarget "stamp.emily" */ = {
			isa = XCConfigurationList;
			buildConfigurations = (
				A1BF8EA5234E4A0200C4E909 /* Debug */,
				A1BF8EA6234E4A0200C4E909 /* Release */,
			);
			defaultConfigurationIsVisible = 0;
			defaultConfigurationName = Release;
		};
		A1BF8EA7234E4A0200C4E909 /* Build configuration list for PBXNativeTarget "stamp.emilyTests" */ = {
			isa = XCConfigurationList;
			buildConfigurations = (
				A1BF8EA8234E4A0200C4E909 /* Debug */,
				A1BF8EA9234E4A0200C4E909 /* Release */,
			);
			defaultConfigurationIsVisible = 0;
			defaultConfigurationName = Release;
		};
		A1BF8EAA234E4A0200C4E909 /* Build configuration list for PBXNativeTarget "stamp.emilyUITests" */ = {
			isa = XCConfigurationList;
			buildConfigurations = (
				A1BF8EAB234E4A0200C4E909 /* Debug */,
				A1BF8EAC234E4A0200C4E909 /* Release */,
			);
			defaultConfigurationIsVisible = 0;
			defaultConfigurationName = Release;
		};
/* End XCConfigurationList section */
	};
	rootObject = A1BF8E72234E49F800C4E909 /* Project object */;
}
